{
  "name": "assets",
  "version": "1.0.0",
  "lockfileVersion": 3,
  "requires": true,
  "packages": {
    "": {
      "name": "assets",
      "version": "1.0.0",
      "license": "ISC",
      "dependencies": {
        "tremorx": "file:../deps/tremorx"
      }
    },
    "../deps/tremorx": {},
    "node_modules/tremorx": {
      "resolved": "../deps/tremorx",
      "link": true
    }
  }
}
